// !$*UTF8*$!
{
	archiveVersion = 1;
	classes = {
	};
	objectVersion = 54;
	objects = {

/* Begin PBXBuildFile section */
		0C80B921A6F3F58F76C31292 /* libPods-FnetService.a in Frameworks */ = {isa = PBXBuildFile; fileRef = 5DCACB8F33CDC322A6C60F78 /* libPods-FnetService.a */; };
		13B07FBF1A68108700A75B9A /* Images.xcassets in Resources */ = {isa = PBXBuildFile; fileRef = 13B07FB51A68108700A75B9A /* Images.xcassets */; };
		761780ED2CA45674006654EE /* AppDelegate.swift in Sources */ = {isa = PBXBuildFile; fileRef = 761780EC2CA45674006654EE /* AppDelegate.swift */; };
		81AB9BB82411601600AC10FF /* LaunchScreen.storyboard in Resources */ = {isa = PBXBuildFile; fileRef = 81AB9BB72411601600AC10FF /* LaunchScreen.storyboard */; };
		8E65EB66A244732B39D7F7EE /* PrivacyInfo.xcprivacy in Resources */ = {isa = PBXBuildFile; fileRef = 13B07FB81A68108700A75B9A /* PrivacyInfo.xcprivacy */; };
		162FE3E5B7B04E4F82E359E5 /* Roboto-Black.ttf in Resources */ = {isa = PBXBuildFile; fileRef = 75E46D05A1684DEAAE5DFB18 /* Roboto-Black.ttf */; };
		B526F26BC8A9403A9D21A3E2 /* Roboto-BlackItalic.ttf in Resources */ = {isa = PBXBuildFile; fileRef = 3442E711A06946F89953053F /* Roboto-BlackItalic.ttf */; };
		D41E5BA2DD2D4420B389D573 /* Roboto-Bold.ttf in Resources */ = {isa = PBXBuildFile; fileRef = 2DB1EEC6D24D4E94AC7C0E7D /* Roboto-Bold.ttf */; };
		000898B684664574A792995E /* Roboto-BoldItalic.ttf in Resources */ = {isa = PBXBuildFile; fileRef = E853B1B0ADDF42DF864C3445 /* Roboto-BoldItalic.ttf */; };
		911F15364EF34D6F82734070 /* Roboto-Italic.ttf in Resources */ = {isa = PBXBuildFile; fileRef = 3E16F001540A4CA6B1E83824 /* Roboto-Italic.ttf */; };
		4D78D88B26AA429AB9140219 /* Roboto-Light.ttf in Resources */ = {isa = PBXBuildFile; fileRef = B6DF64663B1E401BB9AA5CFE /* Roboto-Light.ttf */; };
		4DF8E087DD714E76851E4CB8 /* Roboto-LightItalic.ttf in Resources */ = {isa = PBXBuildFile; fileRef = 68CBCBD7C856421C9F36E699 /* Roboto-LightItalic.ttf */; };
		7FFD0688B6C440EF8C12D5B2 /* Roboto-Medium.ttf in Resources */ = {isa = PBXBuildFile; fileRef = 4CA680430D5E483FA5D380C3 /* Roboto-Medium.ttf */; };
		D2C00839B8EE4814B2DEEC3E /* Roboto-MediumItalic.ttf in Resources */ = {isa = PBXBuildFile; fileRef = 48739D0BAA5A48A5A87B842C /* Roboto-MediumItalic.ttf */; };
		FBEC28E91F0D4625B14D1A97 /* Roboto-Regular.ttf in Resources */ = {isa = PBXBuildFile; fileRef = 0D6A4E63ACC2482FAB4A1753 /* Roboto-Regular.ttf */; };
		8805899D24AF49D48CBA974C /* Roboto-Thin.ttf in Resources */ = {isa = PBXBuildFile; fileRef = 16F702596FF1453B9D7DAB82 /* Roboto-Thin.ttf */; };
		ED94D04AE4D34773A6107848 /* Roboto-ThinItalic.ttf in Resources */ = {isa = PBXBuildFile; fileRef = FC2F3019C2334F34BA9FC392 /* Roboto-ThinItalic.ttf */; };
		386F356D6EA24304B580903A /* AntDesign.ttf in Resources */ = {isa = PBXBuildFile; fileRef = 5F97AD22D4454AD7A59AF4D1 /* AntDesign.ttf */; };
		93FEAD1CAB8E4A7E829059A8 /* Entypo.ttf in Resources */ = {isa = PBXBuildFile; fileRef = 3C0A4A5A1C114724B037FEEC /* Entypo.ttf */; };
		3DA188A93BF54E65AEAD9243 /* EvilIcons.ttf in Resources */ = {isa = PBXBuildFile; fileRef = 78DE9DCE4CAC4AB5AF230AAC /* EvilIcons.ttf */; };
		1563828494B94DE2906A2944 /* Feather.ttf in Resources */ = {isa = PBXBuildFile; fileRef = 73EA4F0EDA2649BEB88A2AE0 /* Feather.ttf */; };
		E1A76DA5D8C046D3BDECBE5D /* FontAwesome.ttf in Resources */ = {isa = PBXBuildFile; fileRef = ABD6A1CD59AE4AEEA075A314 /* FontAwesome.ttf */; };
		E54C8DFF97A142FEA1C38FB8 /* FontAwesome5_Brands.ttf in Resources */ = {isa = PBXBuildFile; fileRef = 9948B628E2C4454EAAFF59FE /* FontAwesome5_Brands.ttf */; };
		2CEC2E94B2FD49609FB37A1C /* FontAwesome5_Regular.ttf in Resources */ = {isa = PBXBuildFile; fileRef = 50A49D139999455D84CBB842 /* FontAwesome5_Regular.ttf */; };
		1680930B22F6410486354862 /* FontAwesome5_Solid.ttf in Resources */ = {isa = PBXBuildFile; fileRef = 6F25D33E340F41AA85A44673 /* FontAwesome5_Solid.ttf */; };
		8393AE3A54854178B727E2E9 /* FontAwesome6_Brands.ttf in Resources */ = {isa = PBXBuildFile; fileRef = A15A0972CF534CC49EBA3EA2 /* FontAwesome6_Brands.ttf */; };
		D4EA3DEE0374410FAF95D3D8 /* FontAwesome6_Regular.ttf in Resources */ = {isa = PBXBuildFile; fileRef = 0280F1E7AE604FFCAA73AA62 /* FontAwesome6_Regular.ttf */; };
		1AB350C2D49C4B699D8AE357 /* FontAwesome6_Solid.ttf in Resources */ = {isa = PBXBuildFile; fileRef = E7B325A7BFAF4B078645DF77 /* FontAwesome6_Solid.ttf */; };
		F2523E3E70864E26B3CFD588 /* Foundation.ttf in Resources */ = {isa = PBXBuildFile; fileRef = A6ADFB3A1C8E4603B681DC0A /* Foundation.ttf */; };
		D67E4B1BD59C4D50B7119769 /* Ionicons.ttf in Resources */ = {isa = PBXBuildFile; fileRef = 4D4F5D29050641EBA23FAA06 /* Ionicons.ttf */; };
		CCE0EC26DF1046E0863C5954 /* MaterialCommunityIcons.ttf in Resources */ = {isa = PBXBuildFile; fileRef = 8ED920B5313A4311A3C4E9E7 /* MaterialCommunityIcons.ttf */; };
		7D3DB705582C418397749E1D /* MaterialIcons.ttf in Resources */ = {isa = PBXBuildFile; fileRef = 863E44357055498A9230D338 /* MaterialIcons.ttf */; };
		0B74840899B044A28777D4C9 /* Octicons.ttf in Resources */ = {isa = PBXBuildFile; fileRef = 852E81B369734B7690517A25 /* Octicons.ttf */; };
		88869F80BEC540309C62A892 /* SimpleLineIcons.ttf in Resources */ = {isa = PBXBuildFile; fileRef = 27269E9DA2F04D919F309CBB /* SimpleLineIcons.ttf */; };
		43009D841F5C4D588CDB9064 /* Zocial.ttf in Resources */ = {isa = PBXBuildFile; fileRef = E72AC51B97B84683B0BA2241 /* Zocial.ttf */; };
/* End PBXBuildFile section */

/* Begin PBXFileReference section */
		13B07F961A680F5B00A75B9A /* FnetService.app */ = {isa = PBXFileReference; explicitFileType = wrapper.application; includeInIndex = 0; path = FnetService.app; sourceTree = BUILT_PRODUCTS_DIR; };
		13B07FB51A68108700A75B9A /* Images.xcassets */ = {isa = PBXFileReference; lastKnownFileType = folder.assetcatalog; name = Images.xcassets; path = FnetService/Images.xcassets; sourceTree = "<group>"; };
		13B07FB61A68108700A75B9A /* Info.plist */ = {isa = PBXFileReference; fileEncoding = 4; lastKnownFileType = text.plist.xml; name = Info.plist; path = FnetService/Info.plist; sourceTree = "<group>"; };
		13B07FB81A68108700A75B9A /* PrivacyInfo.xcprivacy */ = {isa = PBXFileReference; fileEncoding = 4; lastKnownFileType = text.plist.xml; name = PrivacyInfo.xcprivacy; path = FnetService/PrivacyInfo.xcprivacy; sourceTree = "<group>"; };
		3B4392A12AC88292D35C810B /* Pods-FnetService.debug.xcconfig */ = {isa = PBXFileReference; includeInIndex = 1; lastKnownFileType = text.xcconfig; name = "Pods-FnetService.debug.xcconfig"; path = "Target Support Files/Pods-FnetService/Pods-FnetService.debug.xcconfig"; sourceTree = "<group>"; };
		5709B34CF0A7D63546082F79 /* Pods-FnetService.release.xcconfig */ = {isa = PBXFileReference; includeInIndex = 1; lastKnownFileType = text.xcconfig; name = "Pods-FnetService.release.xcconfig"; path = "Target Support Files/Pods-FnetService/Pods-FnetService.release.xcconfig"; sourceTree = "<group>"; };
		5DCACB8F33CDC322A6C60F78 /* libPods-FnetService.a */ = {isa = PBXFileReference; explicitFileType = archive.ar; includeInIndex = 0; path = "libPods-FnetService.a"; sourceTree = BUILT_PRODUCTS_DIR; };
		761780EC2CA45674006654EE /* AppDelegate.swift */ = {isa = PBXFileReference; lastKnownFileType = sourcecode.swift; name = AppDelegate.swift; path = FnetService/AppDelegate.swift; sourceTree = "<group>"; };
		81AB9BB72411601600AC10FF /* LaunchScreen.storyboard */ = {isa = PBXFileReference; fileEncoding = 4; lastKnownFileType = file.storyboard; name = LaunchScreen.storyboard; path = FnetService/LaunchScreen.storyboard; sourceTree = "<group>"; };
		ED297162215061F000B7C4FE /* JavaScriptCore.framework */ = {isa = PBXFileReference; lastKnownFileType = wrapper.framework; name = JavaScriptCore.framework; path = System/Library/Frameworks/JavaScriptCore.framework; sourceTree = SDKROOT; };
		75E46D05A1684DEAAE5DFB18 /* Roboto-Black.ttf */ = {isa = PBXFileReference; name = "Roboto-Black.ttf"; path = "../src/assets/fonts/Roboto-Black.ttf"; sourceTree = "<group>"; fileEncoding = undefined; lastKnownFileType = unknown; explicitFileType = undefined; includeInIndex = 0; };
		3442E711A06946F89953053F /* Roboto-BlackItalic.ttf */ = {isa = PBXFileReference; name = "Roboto-BlackItalic.ttf"; path = "../src/assets/fonts/Roboto-BlackItalic.ttf"; sourceTree = "<group>"; fileEncoding = undefined; lastKnownFileType = unknown; explicitFileType = undefined; includeInIndex = 0; };
		2DB1EEC6D24D4E94AC7C0E7D /* Roboto-Bold.ttf */ = {isa = PBXFileReference; name = "Roboto-Bold.ttf"; path = "../src/assets/fonts/Roboto-Bold.ttf"; sourceTree = "<group>"; fileEncoding = undefined; lastKnownFileType = unknown; explicitFileType = undefined; includeInIndex = 0; };
		E853B1B0ADDF42DF864C3445 /* Roboto-BoldItalic.ttf */ = {isa = PBXFileReference; name = "Roboto-BoldItalic.ttf"; path = "../src/assets/fonts/Roboto-BoldItalic.ttf"; sourceTree = "<group>"; fileEncoding = undefined; lastKnownFileType = unknown; explicitFileType = undefined; includeInIndex = 0; };
		3E16F001540A4CA6B1E83824 /* Roboto-Italic.ttf */ = {isa = PBXFileReference; name = "Roboto-Italic.ttf"; path = "../src/assets/fonts/Roboto-Italic.ttf"; sourceTree = "<group>"; fileEncoding = undefined; lastKnownFileType = unknown; explicitFileType = undefined; includeInIndex = 0; };
		B6DF64663B1E401BB9AA5CFE /* Roboto-Light.ttf */ = {isa = PBXFileReference; name = "Roboto-Light.ttf"; path = "../src/assets/fonts/Roboto-Light.ttf"; sourceTree = "<group>"; fileEncoding = undefined; lastKnownFileType = unknown; explicitFileType = undefined; includeInIndex = 0; };
		68CBCBD7C856421C9F36E699 /* Roboto-LightItalic.ttf */ = {isa = PBXFileReference; name = "Roboto-LightItalic.ttf"; path = "../src/assets/fonts/Roboto-LightItalic.ttf"; sourceTree = "<group>"; fileEncoding = undefined; lastKnownFileType = unknown; explicitFileType = undefined; includeInIndex = 0; };
		4CA680430D5E483FA5D380C3 /* Roboto-Medium.ttf */ = {isa = PBXFileReference; name = "Roboto-Medium.ttf"; path = "../src/assets/fonts/Roboto-Medium.ttf"; sourceTree = "<group>"; fileEncoding = undefined; lastKnownFileType = unknown; explicitFileType = undefined; includeInIndex = 0; };
		48739D0BAA5A48A5A87B842C /* Roboto-MediumItalic.ttf */ = {isa = PBXFileReference; name = "Roboto-MediumItalic.ttf"; path = "../src/assets/fonts/Roboto-MediumItalic.ttf"; sourceTree = "<group>"; fileEncoding = undefined; lastKnownFileType = unknown; explicitFileType = undefined; includeInIndex = 0; };
		0D6A4E63ACC2482FAB4A1753 /* Roboto-Regular.ttf */ = {isa = PBXFileReference; name = "Roboto-Regular.ttf"; path = "../src/assets/fonts/Roboto-Regular.ttf"; sourceTree = "<group>"; fileEncoding = undefined; lastKnownFileType = unknown; explicitFileType = undefined; includeInIndex = 0; };
		16F702596FF1453B9D7DAB82 /* Roboto-Thin.ttf */ = {isa = PBXFileReference; name = "Roboto-Thin.ttf"; path = "../src/assets/fonts/Roboto-Thin.ttf"; sourceTree = "<group>"; fileEncoding = undefined; lastKnownFileType = unknown; explicitFileType = undefined; includeInIndex = 0; };
		FC2F3019C2334F34BA9FC392 /* Roboto-ThinItalic.ttf */ = {isa = PBXFileReference; name = "Roboto-ThinItalic.ttf"; path = "../src/assets/fonts/Roboto-ThinItalic.ttf"; sourceTree = "<group>"; fileEncoding = undefined; lastKnownFileType = unknown; explicitFileType = undefined; includeInIndex = 0; };
		5F97AD22D4454AD7A59AF4D1 /* AntDesign.ttf */ = {isa = PBXFileReference; name = "AntDesign.ttf"; path = "../src/assets/vector-icon-fonts/AntDesign.ttf"; sourceTree = "<group>"; fileEncoding = undefined; lastKnownFileType = unknown; explicitFileType = undefined; includeInIndex = 0; };
		3C0A4A5A1C114724B037FEEC /* Entypo.ttf */ = {isa = PBXFileReference; name = "Entypo.ttf"; path = "../src/assets/vector-icon-fonts/Entypo.ttf"; sourceTree = "<group>"; fileEncoding = undefined; lastKnownFileType = unknown; explicitFileType = undefined; includeInIndex = 0; };
		78DE9DCE4CAC4AB5AF230AAC /* EvilIcons.ttf */ = {isa = PBXFileReference; name = "EvilIcons.ttf"; path = "../src/assets/vector-icon-fonts/EvilIcons.ttf"; sourceTree = "<group>"; fileEncoding = undefined; lastKnownFileType = unknown; explicitFileType = undefined; includeInIndex = 0; };
		73EA4F0EDA2649BEB88A2AE0 /* Feather.ttf */ = {isa = PBXFileReference; name = "Feather.ttf"; path = "../src/assets/vector-icon-fonts/Feather.ttf"; sourceTree = "<group>"; fileEncoding = undefined; lastKnownFileType = unknown; explicitFileType = undefined; includeInIndex = 0; };
		ABD6A1CD59AE4AEEA075A314 /* FontAwesome.ttf */ = {isa = PBXFileReference; name = "FontAwesome.ttf"; path = "../src/assets/vector-icon-fonts/FontAwesome.ttf"; sourceTree = "<group>"; fileEncoding = undefined; lastKnownFileType = unknown; explicitFileType = undefined; includeInIndex = 0; };
		9948B628E2C4454EAAFF59FE /* FontAwesome5_Brands.ttf */ = {isa = PBXFileReference; name = "FontAwesome5_Brands.ttf"; path = "../src/assets/vector-icon-fonts/FontAwesome5_Brands.ttf"; sourceTree = "<group>"; fileEncoding = undefined; lastKnownFileType = unknown; explicitFileType = undefined; includeInIndex = 0; };
		50A49D139999455D84CBB842 /* FontAwesome5_Regular.ttf */ = {isa = PBXFileReference; name = "FontAwesome5_Regular.ttf"; path = "../src/assets/vector-icon-fonts/FontAwesome5_Regular.ttf"; sourceTree = "<group>"; fileEncoding = undefined; lastKnownFileType = unknown; explicitFileType = undefined; includeInIndex = 0; };
		6F25D33E340F41AA85A44673 /* FontAwesome5_Solid.ttf */ = {isa = PBXFileReference; name = "FontAwesome5_Solid.ttf"; path = "../src/assets/vector-icon-fonts/FontAwesome5_Solid.ttf"; sourceTree = "<group>"; fileEncoding = undefined; lastKnownFileType = unknown; explicitFileType = undefined; includeInIndex = 0; };
		A15A0972CF534CC49EBA3EA2 /* FontAwesome6_Brands.ttf */ = {isa = PBXFileReference; name = "FontAwesome6_Brands.ttf"; path = "../src/assets/vector-icon-fonts/FontAwesome6_Brands.ttf"; sourceTree = "<group>"; fileEncoding = undefined; lastKnownFileType = unknown; explicitFileType = undefined; includeInIndex = 0; };
		0280F1E7AE604FFCAA73AA62 /* FontAwesome6_Regular.ttf */ = {isa = PBXFileReference; name = "FontAwesome6_Regular.ttf"; path = "../src/assets/vector-icon-fonts/FontAwesome6_Regular.ttf"; sourceTree = "<group>"; fileEncoding = undefined; lastKnownFileType = unknown; explicitFileType = undefined; includeInIndex = 0; };
		E7B325A7BFAF4B078645DF77 /* FontAwesome6_Solid.ttf */ = {isa = PBXFileReference; name = "FontAwesome6_Solid.ttf"; path = "../src/assets/vector-icon-fonts/FontAwesome6_Solid.ttf"; sourceTree = "<group>"; fileEncoding = undefined; lastKnownFileType = unknown; explicitFileType = undefined; includeInIndex = 0; };
		A6ADFB3A1C8E4603B681DC0A /* Foundation.ttf */ = {isa = PBXFileReference; name = "Foundation.ttf"; path = "../src/assets/vector-icon-fonts/Foundation.ttf"; sourceTree = "<group>"; fileEncoding = undefined; lastKnownFileType = unknown; explicitFileType = undefined; includeInIndex = 0; };
		4D4F5D29050641EBA23FAA06 /* Ionicons.ttf */ = {isa = PBXFileReference; name = "Ionicons.ttf"; path = "../src/assets/vector-icon-fonts/Ionicons.ttf"; sourceTree = "<group>"; fileEncoding = undefined; lastKnownFileType = unknown; explicitFileType = undefined; includeInIndex = 0; };
		8ED920B5313A4311A3C4E9E7 /* MaterialCommunityIcons.ttf */ = {isa = PBXFileReference; name = "MaterialCommunityIcons.ttf"; path = "../src/assets/vector-icon-fonts/MaterialCommunityIcons.ttf"; sourceTree = "<group>"; fileEncoding = undefined; lastKnownFileType = unknown; explicitFileType = undefined; includeInIndex = 0; };
		863E44357055498A9230D338 /* MaterialIcons.ttf */ = {isa = PBXFileReference; name = "MaterialIcons.ttf"; path = "../src/assets/vector-icon-fonts/MaterialIcons.ttf"; sourceTree = "<group>"; fileEncoding = undefined; lastKnownFileType = unknown; explicitFileType = undefined; includeInIndex = 0; };
		852E81B369734B7690517A25 /* Octicons.ttf */ = {isa = PBXFileReference; name = "Octicons.ttf"; path = "../src/assets/vector-icon-fonts/Octicons.ttf"; sourceTree = "<group>"; fileEncoding = undefined; lastKnownFileType = unknown; explicitFileType = undefined; includeInIndex = 0; };
		27269E9DA2F04D919F309CBB /* SimpleLineIcons.ttf */ = {isa = PBXFileReference; name = "SimpleLineIcons.ttf"; path = "../src/assets/vector-icon-fonts/SimpleLineIcons.ttf"; sourceTree = "<group>"; fileEncoding = undefined; lastKnownFileType = unknown; explicitFileType = undefined; includeInIndex = 0; };
		E72AC51B97B84683B0BA2241 /* Zocial.ttf */ = {isa = PBXFileReference; name = "Zocial.ttf"; path = "../src/assets/vector-icon-fonts/Zocial.ttf"; sourceTree = "<group>"; fileEncoding = undefined; lastKnownFileType = unknown; explicitFileType = undefined; includeInIndex = 0; };
/* End PBXFileReference section */

/* Begin PBXFrameworksBuildPhase section */
		13B07F8C1A680F5B00A75B9A /* Frameworks */ = {
			isa = PBXFrameworksBuildPhase;
			buildActionMask = 2147483647;
			files = (
				0C80B921A6F3F58F76C31292 /* libPods-FnetService.a in Frameworks */,
			);
			runOnlyForDeploymentPostprocessing = 0;
		};
/* End PBXFrameworksBuildPhase section */

/* Begin PBXGroup section */
		13B07FAE1A68108700A75B9A /* FnetService */ = {
			isa = PBXGroup;
			children = (
				13B07FB51A68108700A75B9A /* Images.xcassets */,
				761780EC2CA45674006654EE /* AppDelegate.swift */,
				13B07FB61A68108700A75B9A /* Info.plist */,
				81AB9BB72411601600AC10FF /* LaunchScreen.storyboard */,
				13B07FB81A68108700A75B9A /* PrivacyInfo.xcprivacy */,
			);
			name = FnetService;
			sourceTree = "<group>";
		};
		2D16E6871FA4F8E400B85C8A /* Frameworks */ = {
			isa = PBXGroup;
			children = (
				ED297162215061F000B7C4FE /* JavaScriptCore.framework */,
				5DCACB8F33CDC322A6C60F78 /* libPods-FnetService.a */,
			);
			name = Frameworks;
			sourceTree = "<group>";
		};
		832341AE1AAA6A7D00B99B32 /* Libraries */ = {
			isa = PBXGroup;
			children = (
			);
			name = Libraries;
			sourceTree = "<group>";
		};
		83CBB9F61A601CBA00E9B192 = {
			isa = PBXGroup;
			children = (
				13B07FAE1A68108700A75B9A /* FnetService */,
				832341AE1AAA6A7D00B99B32 /* Libraries */,
				83CBBA001A601CBA00E9B192 /* Products */,
				2D16E6871FA4F8E400B85C8A /* Frameworks */,
				BBD78D7AC51CEA395F1C20DB /* Pods */,
				9EC7E92F0AA8435E995F62CC /* Resources */,
			);
			indentWidth = 2;
			sourceTree = "<group>";
			tabWidth = 2;
			usesTabs = 0;
		};
		83CBBA001A601CBA00E9B192 /* Products */ = {
			isa = PBXGroup;
			children = (
				13B07F961A680F5B00A75B9A /* FnetService.app */,
			);
			name = Products;
			sourceTree = "<group>";
		};
		BBD78D7AC51CEA395F1C20DB /* Pods */ = {
			isa = PBXGroup;
			children = (
				3B4392A12AC88292D35C810B /* Pods-FnetService.debug.xcconfig */,
				5709B34CF0A7D63546082F79 /* Pods-FnetService.release.xcconfig */,
			);
			path = Pods;
			sourceTree = "<group>";
		};
		9EC7E92F0AA8435E995F62CC /* Resources */ = {
			isa = "PBXGroup";
			children = (
				75E46D05A1684DEAAE5DFB18 /* Roboto-Black.ttf */,
				3442E711A06946F89953053F /* Roboto-BlackItalic.ttf */,
				2DB1EEC6D24D4E94AC7C0E7D /* Roboto-Bold.ttf */,
				E853B1B0ADDF42DF864C3445 /* Roboto-BoldItalic.ttf */,
				3E16F001540A4CA6B1E83824 /* Roboto-Italic.ttf */,
				B6DF64663B1E401BB9AA5CFE /* Roboto-Light.ttf */,
				68CBCBD7C856421C9F36E699 /* Roboto-LightItalic.ttf */,
				4CA680430D5E483FA5D380C3 /* Roboto-Medium.ttf */,
				48739D0BAA5A48A5A87B842C /* Roboto-MediumItalic.ttf */,
				0D6A4E63ACC2482FAB4A1753 /* Roboto-Regular.ttf */,
				16F702596FF1453B9D7DAB82 /* Roboto-Thin.ttf */,
				FC2F3019C2334F34BA9FC392 /* Roboto-ThinItalic.ttf */,
				5F97AD22D4454AD7A59AF4D1 /* AntDesign.ttf */,
				3C0A4A5A1C114724B037FEEC /* Entypo.ttf */,
				78DE9DCE4CAC4AB5AF230AAC /* EvilIcons.ttf */,
				73EA4F0EDA2649BEB88A2AE0 /* Feather.ttf */,
				ABD6A1CD59AE4AEEA075A314 /* FontAwesome.ttf */,
				9948B628E2C4454EAAFF59FE /* FontAwesome5_Brands.ttf */,
				50A49D139999455D84CBB842 /* FontAwesome5_Regular.ttf */,
				6F25D33E340F41AA85A44673 /* FontAwesome5_Solid.ttf */,
				A15A0972CF534CC49EBA3EA2 /* FontAwesome6_Brands.ttf */,
				0280F1E7AE604FFCAA73AA62 /* FontAwesome6_Regular.ttf */,
				E7B325A7BFAF4B078645DF77 /* FontAwesome6_Solid.ttf */,
				A6ADFB3A1C8E4603B681DC0A /* Foundation.ttf */,
				4D4F5D29050641EBA23FAA06 /* Ionicons.ttf */,
				8ED920B5313A4311A3C4E9E7 /* MaterialCommunityIcons.ttf */,
				863E44357055498A9230D338 /* MaterialIcons.ttf */,
				852E81B369734B7690517A25 /* Octicons.ttf */,
				27269E9DA2F04D919F309CBB /* SimpleLineIcons.ttf */,
				E72AC51B97B84683B0BA2241 /* Zocial.ttf */,
			);
			name = Resources;
			sourceTree = "<group>";
			path = "";
		};
/* End PBXGroup section */

/* Begin PBXNativeTarget section */
		13B07F861A680F5B00A75B9A /* FnetService */ = {
			isa = PBXNativeTarget;
			buildConfigurationList = 13B07F931A680F5B00A75B9A /* Build configuration list for PBXNativeTarget "FnetService" */;
			buildPhases = (
				C38B50BA6285516D6DCD4F65 /* [CP] Check Pods Manifest.lock */,
				13B07F871A680F5B00A75B9A /* Sources */,
				13B07F8C1A680F5B00A75B9A /* Frameworks */,
				13B07F8E1A680F5B00A75B9A /* Resources */,
				00DD1BFF1BD5951E006B06BC /* Bundle React Native code and images */,
				00EEFC60759A1932668264C0 /* [CP] Embed Pods Frameworks */,
				E235C05ADACE081382539298 /* [CP] Copy Pods Resources */,
			);
			buildRules = (
			);
			dependencies = (
			);
			name = FnetService;
			productName = FnetService;
			productReference = 13B07F961A680F5B00A75B9A /* FnetService.app */;
			productType = "com.apple.product-type.application";
		};
/* End PBXNativeTarget section */

/* Begin PBXProject section */
		83CBB9F71A601CBA00E9B192 /* Project object */ = {
			isa = PBXProject;
			attributes = {
				LastUpgradeCheck = 1210;
				TargetAttributes = {
					13B07F861A680F5B00A75B9A = {
						LastSwiftMigration = 1120;
					};
				};
			};
			buildConfigurationList = 83CBB9FA1A601CBA00E9B192 /* Build configuration list for PBXProject "FnetService" */;
			compatibilityVersion = "Xcode 12.0";
			developmentRegion = en;
			hasScannedForEncodings = 0;
			knownRegions = (
				en,
				Base,
			);
			mainGroup = 83CBB9F61A601CBA00E9B192;
			productRefGroup = 83CBBA001A601CBA00E9B192 /* Products */;
			projectDirPath = "";
			projectRoot = "";
			targets = (
				13B07F861A680F5B00A75B9A /* FnetService */,
			);
		};
/* End PBXProject section */

/* Begin PBXResourcesBuildPhase section */
		13B07F8E1A680F5B00A75B9A /* Resources */ = {
			isa = PBXResourcesBuildPhase;
			buildActionMask = 2147483647;
			files = (
				81AB9BB82411601600AC10FF /* LaunchScreen.storyboard in Resources */,
				13B07FBF1A68108700A75B9A /* Images.xcassets in Resources */,
				8E65EB66A244732B39D7F7EE /* PrivacyInfo.xcprivacy in Resources */,
				162FE3E5B7B04E4F82E359E5 /* Roboto-Black.ttf in Resources */,
				B526F26BC8A9403A9D21A3E2 /* Roboto-BlackItalic.ttf in Resources */,
				D41E5BA2DD2D4420B389D573 /* Roboto-Bold.ttf in Resources */,
				000898B684664574A792995E /* Roboto-BoldItalic.ttf in Resources */,
				911F15364EF34D6F82734070 /* Roboto-Italic.ttf in Resources */,
				4D78D88B26AA429AB9140219 /* Roboto-Light.ttf in Resources */,
				4DF8E087DD714E76851E4CB8 /* Roboto-LightItalic.ttf in Resources */,
				7FFD0688B6C440EF8C12D5B2 /* Roboto-Medium.ttf in Resources */,
				D2C00839B8EE4814B2DEEC3E /* Roboto-MediumItalic.ttf in Resources */,
				FBEC28E91F0D4625B14D1A97 /* Roboto-Regular.ttf in Resources */,
				8805899D24AF49D48CBA974C /* Roboto-Thin.ttf in Resources */,
				ED94D04AE4D34773A6107848 /* Roboto-ThinItalic.ttf in Resources */,
				386F356D6EA24304B580903A /* AntDesign.ttf in Resources */,
				93FEAD1CAB8E4A7E829059A8 /* Entypo.ttf in Resources */,
				3DA188A93BF54E65AEAD9243 /* EvilIcons.ttf in Resources */,
				1563828494B94DE2906A2944 /* Feather.ttf in Resources */,
				E1A76DA5D8C046D3BDECBE5D /* FontAwesome.ttf in Resources */,
				E54C8DFF97A142FEA1C38FB8 /* FontAwesome5_Brands.ttf in Resources */,
				2CEC2E94B2FD49609FB37A1C /* FontAwesome5_Regular.ttf in Resources */,
				1680930B22F6410486354862 /* FontAwesome5_Solid.ttf in Resources */,
				8393AE3A54854178B727E2E9 /* FontAwesome6_Brands.ttf in Resources */,
				D4EA3DEE0374410FAF95D3D8 /* FontAwesome6_Regular.ttf in Resources */,
				1AB350C2D49C4B699D8AE357 /* FontAwesome6_Solid.ttf in Resources */,
				F2523E3E70864E26B3CFD588 /* Foundation.ttf in Resources */,
				D67E4B1BD59C4D50B7119769 /* Ionicons.ttf in Resources */,
				CCE0EC26DF1046E0863C5954 /* MaterialCommunityIcons.ttf in Resources */,
				7D3DB705582C418397749E1D /* MaterialIcons.ttf in Resources */,
				0B74840899B044A28777D4C9 /* Octicons.ttf in Resources */,
				88869F80BEC540309C62A892 /* SimpleLineIcons.ttf in Resources */,
				43009D841F5C4D588CDB9064 /* Zocial.ttf in Resources */,
			);
			runOnlyForDeploymentPostprocessing = 0;
		};
/* End PBXResourcesBuildPhase section */

/* Begin PBXShellScriptBuildPhase section */
		00DD1BFF1BD5951E006B06BC /* Bundle React Native code and images */ = {
			isa = PBXShellScriptBuildPhase;
			buildActionMask = 2147483647;
			files = (
			);
			inputPaths = (
				"$(SRCROOT)/.xcode.env.local",
				"$(SRCROOT)/.xcode.env",
			);
			name = "Bundle React Native code and images";
			outputPaths = (
			);
			runOnlyForDeploymentPostprocessing = 0;
			shellPath = /bin/sh;
			shellScript = "set -e\n\nWITH_ENVIRONMENT=\"$REACT_NATIVE_PATH/scripts/xcode/with-environment.sh\"\nREACT_NATIVE_XCODE=\"$REACT_NATIVE_PATH/scripts/react-native-xcode.sh\"\n\n/bin/sh -c \"$WITH_ENVIRONMENT $REACT_NATIVE_XCODE\"\n";
		};
		00EEFC60759A1932668264C0 /* [CP] Embed Pods Frameworks */ = {
			isa = PBXShellScriptBuildPhase;
			buildActionMask = 2147483647;
			files = (
			);
			inputFileListPaths = (
				"${PODS_ROOT}/Target Support Files/Pods-FnetService/Pods-FnetService-frameworks-${CONFIGURATION}-input-files.xcfilelist",
			);
			name = "[CP] Embed Pods Frameworks";
			outputFileListPaths = (
				"${PODS_ROOT}/Target Support Files/Pods-FnetService/Pods-FnetService-frameworks-${CONFIGURATION}-output-files.xcfilelist",
			);
			runOnlyForDeploymentPostprocessing = 0;
			shellPath = /bin/sh;
			shellScript = "\"${PODS_ROOT}/Target Support Files/Pods-FnetService/Pods-FnetService-frameworks.sh\"\n";
			showEnvVarsInLog = 0;
		};
		C38B50BA6285516D6DCD4F65 /* [CP] Check Pods Manifest.lock */ = {
			isa = PBXShellScriptBuildPhase;
			buildActionMask = 2147483647;
			files = (
			);
			inputFileListPaths = (
			);
			inputPaths = (
				"${PODS_PODFILE_DIR_PATH}/Podfile.lock",
				"${PODS_ROOT}/Manifest.lock",
			);
			name = "[CP] Check Pods Manifest.lock";
			outputFileListPaths = (
			);
			outputPaths = (
				"$(DERIVED_FILE_DIR)/Pods-FnetService-checkManifestLockResult.txt",
			);
			runOnlyForDeploymentPostprocessing = 0;
			shellPath = /bin/sh;
			shellScript = "diff \"${PODS_PODFILE_DIR_PATH}/Podfile.lock\" \"${PODS_ROOT}/Manifest.lock\" > /dev/null\nif [ $? != 0 ] ; then\n    # print error to STDERR\n    echo \"error: The sandbox is not in sync with the Podfile.lock. Run 'pod install' or update your CocoaPods installation.\" >&2\n    exit 1\nfi\n# This output is used by Xcode 'outputs' to avoid re-running this script phase.\necho \"SUCCESS\" > \"${SCRIPT_OUTPUT_FILE_0}\"\n";
			showEnvVarsInLog = 0;
		};
		E235C05ADACE081382539298 /* [CP] Copy Pods Resources */ = {
			isa = PBXShellScriptBuildPhase;
			buildActionMask = 2147483647;
			files = (
			);
			inputFileListPaths = (
				"${PODS_ROOT}/Target Support Files/Pods-FnetService/Pods-FnetService-resources-${CONFIGURATION}-input-files.xcfilelist",
			);
			name = "[CP] Copy Pods Resources";
			outputFileListPaths = (
				"${PODS_ROOT}/Target Support Files/Pods-FnetService/Pods-FnetService-resources-${CONFIGURATION}-output-files.xcfilelist",
			);
			runOnlyForDeploymentPostprocessing = 0;
			shellPath = /bin/sh;
			shellScript = "\"${PODS_ROOT}/Target Support Files/Pods-FnetService/Pods-FnetService-resources.sh\"\n";
			showEnvVarsInLog = 0;
		};
/* End PBXShellScriptBuildPhase section */

/* Begin PBXSourcesBuildPhase section */
		13B07F871A680F5B00A75B9A /* Sources */ = {
			isa = PBXSourcesBuildPhase;
			buildActionMask = 2147483647;
			files = (
				761780ED2CA45674006654EE /* AppDelegate.swift in Sources */,
			);
			runOnlyForDeploymentPostprocessing = 0;
		};
/* End PBXSourcesBuildPhase section */

/* Begin XCBuildConfiguration section */
		13B07F941A680F5B00A75B9A /* Debug */ = {
			isa = XCBuildConfiguration;
			baseConfigurationReference = 3B4392A12AC88292D35C810B /* Pods-FnetService.debug.xcconfig */;
			buildSettings = {
				ASSETCATALOG_COMPILER_APPICON_NAME = AppIcon;
				CLANG_ENABLE_MODULES = YES;
				CURRENT_PROJECT_VERSION = 1;
				ENABLE_BITCODE = NO;
				INFOPLIST_FILE = FnetService/Info.plist;
				IPHONEOS_DEPLOYMENT_TARGET = 15.1;
				LD_RUNPATH_SEARCH_PATHS = (
					"$(inherited)",
					"@executable_path/Frameworks",
				);
				MARKETING_VERSION = 1.0;
				OTHER_LDFLAGS = (
					"$(inherited)",
					"-ObjC",
					"-lc++",
				);
				PRODUCT_BUNDLE_IDENTIFIER = "org.reactjs.native.example.$(PRODUCT_NAME:rfc1034identifier)";
				PRODUCT_NAME = FnetService;
				SWIFT_OPTIMIZATION_LEVEL = "-Onone";
				SWIFT_VERSION = 5.0;
				VERSIONING_SYSTEM = "apple-generic";
			};
			name = Debug;
		};
		13B07F951A680F5B00A75B9A /* Release */ = {
			isa = XCBuildConfiguration;
			baseConfigurationReference = 5709B34CF0A7D63546082F79 /* Pods-FnetService.release.xcconfig */;
			buildSettings = {
				ASSETCATALOG_COMPILER_APPICON_NAME = AppIcon;
				CLANG_ENABLE_MODULES = YES;
				CURRENT_PROJECT_VERSION = 1;
				INFOPLIST_FILE = FnetService/Info.plist;
				IPHONEOS_DEPLOYMENT_TARGET = 15.1;
				LD_RUNPATH_SEARCH_PATHS = (
					"$(inherited)",
					"@executable_path/Frameworks",
				);
				MARKETING_VERSION = 1.0;
				OTHER_LDFLAGS = (
					"$(inherited)",
					"-ObjC",
					"-lc++",
				);
				PRODUCT_BUNDLE_IDENTIFIER = "org.reactjs.native.example.$(PRODUCT_NAME:rfc1034identifier)";
				PRODUCT_NAME = FnetService;
				SWIFT_VERSION = 5.0;
				VERSIONING_SYSTEM = "apple-generic";
			};
			name = Release;
		};
		83CBBA201A601CBA00E9B192 /* Debug */ = {
			isa = XCBuildConfiguration;
			buildSettings = {
				ALWAYS_SEARCH_USER_PATHS = NO;
				CLANG_ANALYZER_LOCALIZABILITY_NONLOCALIZED = YES;
				CLANG_CXX_LANGUAGE_STANDARD = "c++20";
				CLANG_CXX_LIBRARY = "libc++";
				CLANG_ENABLE_MODULES = YES;
				CLANG_ENABLE_OBJC_ARC = YES;
				CLANG_WARN_BLOCK_CAPTURE_AUTORELEASING = YES;
				CLANG_WARN_BOOL_CONVERSION = YES;
				CLANG_WARN_COMMA = YES;
				CLANG_WARN_CONSTANT_CONVERSION = YES;
				CLANG_WARN_DEPRECATED_OBJC_IMPLEMENTATIONS = YES;
				CLANG_WARN_DIRECT_OBJC_ISA_USAGE = YES_ERROR;
				CLANG_WARN_EMPTY_BODY = YES;
				CLANG_WARN_ENUM_CONVERSION = YES;
				CLANG_WARN_INFINITE_RECURSION = YES;
				CLANG_WARN_INT_CONVERSION = YES;
				CLANG_WARN_NON_LITERAL_NULL_CONVERSION = YES;
				CLANG_WARN_OBJC_IMPLICIT_RETAIN_SELF = YES;
				CLANG_WARN_OBJC_LITERAL_CONVERSION = YES;
				CLANG_WARN_OBJC_ROOT_CLASS = YES_ERROR;
				CLANG_WARN_QUOTED_INCLUDE_IN_FRAMEWORK_HEADER = YES;
				CLANG_WARN_RANGE_LOOP_ANALYSIS = YES;
				CLANG_WARN_STRICT_PROTOTYPES = YES;
				CLANG_WARN_SUSPICIOUS_MOVE = YES;
				CLANG_WARN_UNREACHABLE_CODE = YES;
				CLANG_WARN__DUPLICATE_METHOD_MATCH = YES;
				"CODE_SIGN_IDENTITY[sdk=iphoneos*]" = "iPhone Developer";
				COPY_PHASE_STRIP = NO;
				ENABLE_STRICT_OBJC_MSGSEND = YES;
				ENABLE_TESTABILITY = YES;
				"EXCLUDED_ARCHS[sdk=iphonesimulator*]" = "";
				GCC_C_LANGUAGE_STANDARD = gnu99;
				GCC_DYNAMIC_NO_PIC = NO;
				GCC_NO_COMMON_BLOCKS = YES;
				GCC_OPTIMIZATION_LEVEL = 0;
				GCC_PREPROCESSOR_DEFINITIONS = (
					"DEBUG=1",
					"$(inherited)",
				);
				GCC_SYMBOLS_PRIVATE_EXTERN = NO;
				GCC_WARN_64_TO_32_BIT_CONVERSION = YES;
				GCC_WARN_ABOUT_RETURN_TYPE = YES_ERROR;
				GCC_WARN_UNDECLARED_SELECTOR = YES;
				GCC_WARN_UNINITIALIZED_AUTOS = YES_AGGRESSIVE;
				GCC_WARN_UNUSED_FUNCTION = YES;
				GCC_WARN_UNUSED_VARIABLE = YES;
				IPHONEOS_DEPLOYMENT_TARGET = 15.1;
				LD_RUNPATH_SEARCH_PATHS = (
					/usr/lib/swift,
					"$(inherited)",
				);
				LIBRARY_SEARCH_PATHS = (
					"\"$(SDKROOT)/usr/lib/swift\"",
					"\"$(TOOLCHAIN_DIR)/usr/lib/swift/$(PLATFORM_NAME)\"",
					"\"$(inherited)\"",
				);
				MTL_ENABLE_DEBUG_INFO = YES;
				ONLY_ACTIVE_ARCH = YES;
				OTHER_CPLUSPLUSFLAGS = (
					"$(OTHER_CFLAGS)",
					"-DFOLLY_NO_CONFIG",
					"-DFOLLY_MOBILE=1",
					"-DFOLLY_USE_LIBCPP=1",
					"-DFOLLY_CFG_NO_COROUTINES=1",
					"-DFOLLY_HAVE_CLOCK_GETTIME=1",
				);
				OTHER_LDFLAGS = (
					"$(inherited)",
					" ",
				);
				REACT_NATIVE_PATH = "${PODS_ROOT}/../../node_modules/react-native";
				SDKROOT = iphoneos;
				SWIFT_ACTIVE_COMPILATION_CONDITIONS = "$(inherited) DEBUG";
				USE_HERMES = true;
			};
			name = Debug;
		};
		83CBBA211A601CBA00E9B192 /* Release */ = {
			isa = XCBuildConfiguration;
			buildSettings = {
				ALWAYS_SEARCH_USER_PATHS = NO;
				CLANG_ANALYZER_LOCALIZABILITY_NONLOCALIZED = YES;
				CLANG_CXX_LANGUAGE_STANDARD = "c++20";
				CLANG_CXX_LIBRARY = "libc++";
				CLANG_ENABLE_MODULES = YES;
				CLANG_ENABLE_OBJC_ARC = YES;
				CLANG_WARN_BLOCK_CAPTURE_AUTORELEASING = YES;
				CLANG_WARN_BOOL_CONVERSION = YES;
				CLANG_WARN_COMMA = YES;
				CLANG_WARN_CONSTANT_CONVERSION = YES;
				CLANG_WARN_DEPRECATED_OBJC_IMPLEMENTATIONS = YES;
				CLANG_WARN_DIRECT_OBJC_ISA_USAGE = YES_ERROR;
				CLANG_WARN_EMPTY_BODY = YES;
				CLANG_WARN_ENUM_CONVERSION = YES;
				CLANG_WARN_INFINITE_RECURSION = YES;
				CLANG_WARN_INT_CONVERSION = YES;
				CLANG_WARN_NON_LITERAL_NULL_CONVERSION = YES;
				CLANG_WARN_OBJC_IMPLICIT_RETAIN_SELF = YES;
				CLANG_WARN_OBJC_LITERAL_CONVERSION = YES;
				CLANG_WARN_OBJC_ROOT_CLASS = YES_ERROR;
				CLANG_WARN_QUOTED_INCLUDE_IN_FRAMEWORK_HEADER = YES;
				CLANG_WARN_RANGE_LOOP_ANALYSIS = YES;
				CLANG_WARN_STRICT_PROTOTYPES = YES;
				CLANG_WARN_SUSPICIOUS_MOVE = YES;
				CLANG_WARN_UNREACHABLE_CODE = YES;
				CLANG_WARN__DUPLICATE_METHOD_MATCH = YES;
				"CODE_SIGN_IDENTITY[sdk=iphoneos*]" = "iPhone Developer";
				COPY_PHASE_STRIP = YES;
				ENABLE_NS_ASSERTIONS = NO;
				ENABLE_STRICT_OBJC_MSGSEND = YES;
				"EXCLUDED_ARCHS[sdk=iphonesimulator*]" = "";
				GCC_C_LANGUAGE_STANDARD = gnu99;
				GCC_NO_COMMON_BLOCKS = YES;
				GCC_WARN_64_TO_32_BIT_CONVERSION = YES;
				GCC_WARN_ABOUT_RETURN_TYPE = YES_ERROR;
				GCC_WARN_UNDECLARED_SELECTOR = YES;
				GCC_WARN_UNINITIALIZED_AUTOS = YES_AGGRESSIVE;
				GCC_WARN_UNUSED_FUNCTION = YES;
				GCC_WARN_UNUSED_VARIABLE = YES;
				IPHONEOS_DEPLOYMENT_TARGET = 15.1;
				LD_RUNPATH_SEARCH_PATHS = (
					/usr/lib/swift,
					"$(inherited)",
				);
				LIBRARY_SEARCH_PATHS = (
					"\"$(SDKROOT)/usr/lib/swift\"",
					"\"$(TOOLCHAIN_DIR)/usr/lib/swift/$(PLATFORM_NAME)\"",
					"\"$(inherited)\"",
				);
				MTL_ENABLE_DEBUG_INFO = NO;
				OTHER_CPLUSPLUSFLAGS = (
					"$(OTHER_CFLAGS)",
					"-DFOLLY_NO_CONFIG",
					"-DFOLLY_MOBILE=1",
					"-DFOLLY_USE_LIBCPP=1",
					"-DFOLLY_CFG_NO_COROUTINES=1",
					"-DFOLLY_HAVE_CLOCK_GETTIME=1",
				);
				OTHER_LDFLAGS = (
					"$(inherited)",
					" ",
				);
				REACT_NATIVE_PATH = "${PODS_ROOT}/../../node_modules/react-native";
				SDKROOT = iphoneos;
				USE_HERMES = true;
				VALIDATE_PRODUCT = YES;
			};
			name = Release;
		};
/* End XCBuildConfiguration section */

/* Begin XCConfigurationList section */
		13B07F931A680F5B00A75B9A /* Build configuration list for PBXNativeTarget "FnetService" */ = {
			isa = XCConfigurationList;
			buildConfigurations = (
				13B07F941A680F5B00A75B9A /* Debug */,
				13B07F951A680F5B00A75B9A /* Release */,
			);
			defaultConfigurationIsVisible = 0;
			defaultConfigurationName = Release;
		};
		83CBB9FA1A601CBA00E9B192 /* Build configuration list for PBXProject "FnetService" */ = {
			isa = XCConfigurationList;
			buildConfigurations = (
				83CBBA201A601CBA00E9B192 /* Debug */,
				83CBBA211A601CBA00E9B192 /* Release */,
			);
			defaultConfigurationIsVisible = 0;
			defaultConfigurationName = Release;
		};
/* End XCConfigurationList section */
	};
	rootObject = 83CBB9F71A601CBA00E9B192 /* Project object */;
}
